
Microsoft Visual Studio Solution File, Format Version 12.00
# Visual Studio Version 17
VisualStudioVersion = 17.13.35931.197 d17.13
MinimumVisualStudioVersion = 10.0.40219.1
Project("{FAE04EC0-301F-11D3-BF4B-00C04F79EFBC}") = "ClinicalManagementSystem", "ClinicalManagementSystem\ClinicalManagementSystem.csproj", "{156F77CB-70E1-424D-B370-FE45A1AA6255}"
EndProject
Global
	GlobalSection(SolutionConfigurationPlatforms) = preSolution
		Debug|Any CPU = Debug|Any CPU
		Release|Any CPU = Release|Any CPU
	EndGlobalSection
	GlobalSection(ProjectConfigurationPlatforms) = postSolution
		{156F77CB-70E1-424D-B370-FE45A1AA6255}.Debug|Any CPU.ActiveCfg = Debug|Any CPU
		{156F77CB-70E1-424D-B370-FE45A1AA6255}.Debug|Any CPU.Build.0 = Debug|Any CPU
		{156F77CB-70E1-424D-B370-FE45A1AA6255}.Release|Any CPU.ActiveCfg = Release|Any CPU
		{156F77CB-70E1-424D-B370-FE45A1AA6255}.Release|Any CPU.Build.0 = Release|Any CPU
	EndGlobalSection
	GlobalSection(SolutionProperties) = preSolution
		HideSolutionNode = FALSE
	EndGlobalSection
	GlobalSection(ExtensibilityGlobals) = postSolution
		SolutionGuid = {6F365D45-7C97-472D-B204-11742CE28E64}
	EndGlobalSection
EndGlobal
